// !$*UTF8*$!
{
	archiveVersion = 1;
	classes = {
	};
	objectVersion = 50;
	objects = {

/* Begin PBXBuildFile section */
		01490F7A9EC78272F86FFFA9 /* Pods_ZYHUDdemo.framework in Frameworks */ = {isa = PBXBuildFile; fileRef = 97D9A5E5A5BB3E26677E62D6 /* Pods_ZYHUDdemo.framework */; };
		4C14A7132432DAC90065337A /* AppDelegate.swift in Sources */ = {isa = PBXBuildFile; fileRef = 4C14A7122432DAC90065337A /* AppDelegate.swift */; };
		4C14A7152432DAC90065337A /* SceneDelegate.swift in Sources */ = {isa = PBXBuildFile; fileRef = 4C14A7142432DAC90065337A /* SceneDelegate.swift */; };
		4C14A7172432DAC90065337A /* ViewController.swift in Sources */ = {isa = PBXBuildFile; fileRef = 4C14A7162432DAC90065337A /* ViewController.swift */; };
		4C14A71A2432DAC90065337A /* Main.storyboard in Resources */ = {isa = PBXBuildFile; fileRef = 4C14A7182432DAC90065337A /* Main.storyboard */; };
		4C14A71C2432DACA0065337A /* Assets.xcassets in Resources */ = {isa = PBXBuildFile; fileRef = 4C14A71B2432DACA0065337A /* Assets.xcassets */; };
		4C14A71F2432DACA0065337A /* LaunchScreen.storyboard in Resources */ = {isa = PBXBuildFile; fileRef = 4C14A71D2432DACA0065337A /* LaunchScreen.storyboard */; };
/* End PBXBuildFile section */

/* Begin PBXFileReference section */
		1C39D52E35F97341419624CF /* Pods-ZYHUDdemo.debug.xcconfig */ = {isa = PBXFileReference; includeInIndex = 1; lastKnownFileType = text.xcconfig; name = "Pods-ZYHUDdemo.debug.xcconfig"; path = "Target Support Files/Pods-ZYHUDdemo/Pods-ZYHUDdemo.debug.xcconfig"; sourceTree = "<group>"; };
		4C14A70F2432DAC90065337A /* ZYHUDdemo.app */ = {isa = PBXFileReference; explicitFileType = wrapper.application; includeInIndex = 0; path = ZYHUDdemo.app; sourceTree = BUILT_PRODUCTS_DIR; };
		4C14A7122432DAC90065337A /* AppDelegate.swift */ = {isa = PBXFileReference; lastKnownFileType = sourcecode.swift; path = AppDelegate.swift; sourceTree = "<group>"; };
		4C14A7142432DAC90065337A /* SceneDelegate.swift */ = {isa = PBXFileReference; lastKnownFileType = sourcecode.swift; path = SceneDelegate.swift; sourceTree = "<group>"; };
		4C14A7162432DAC90065337A /* ViewController.swift */ = {isa = PBXFileReference; lastKnownFileType = sourcecode.swift; path = ViewController.swift; sourceTree = "<group>"; };
		4C14A7192432DAC90065337A /* Base */ = {isa = PBXFileReference; lastKnownFileType = file.storyboard; name = Base; path = Base.lproj/Main.storyboard; sourceTree = "<group>"; };
		4C14A71B2432DACA0065337A /* Assets.xcassets */ = {isa = PBXFileReference; lastKnownFileType = folder.assetcatalog; path = Assets.xcassets; sourceTree = "<group>"; };
		4C14A71E2432DACA0065337A /* Base */ = {isa = PBXFileReference; lastKnownFileType = file.storyboard; name = Base; path = Base.lproj/LaunchScreen.storyboard; sourceTree = "<group>"; };
		4C14A7202432DACA0065337A /* Info.plist */ = {isa = PBXFileReference; lastKnownFileType = text.plist.xml; path = Info.plist; sourceTree = "<group>"; };
		97D9A5E5A5BB3E26677E62D6 /* Pods_ZYHUDdemo.framework */ = {isa = PBXFileReference; explicitFileType = wrapper.framework; includeInIndex = 0; path = Pods_ZYHUDdemo.framework; sourceTree = BUILT_PRODUCTS_DIR; };
		9AE3DA940A1CD760FE82A650 /* Pods-ZYHUDdemo.release.xcconfig */ = {isa = PBXFileReference; includeInIndex = 1; lastKnownFileType = text.xcconfig; name = "Pods-ZYHUDdemo.release.xcconfig"; path = "Target Support Files/Pods-ZYHUDdemo/Pods-ZYHUDdemo.release.xcconfig"; sourceTree = "<group>"; };
/* End PBXFileReference section */

/* Begin PBXFrameworksBuildPhase section */
		4C14A70C2432DAC90065337A /* Frameworks */ = {
			isa = PBXFrameworksBuildPhase;
			buildActionMask = 2147483647;
			files = (
				01490F7A9EC78272F86FFFA9 /* Pods_ZYHUDdemo.framework in Frameworks */,
			);
			runOnlyForDeploymentPostprocessing = 0;
		};
/* End PBXFrameworksBuildPhase section */

/* Begin PBXGroup section */
		4C14A7062432DAC90065337A = {
			isa = PBXGroup;
			children = (
				4C14A7112432DAC90065337A /* ZYHUDdemo */,
				4C14A7102432DAC90065337A /* Products */,
				F5449AE1D5DEA2CBC0B2B6E8 /* Pods */,
				C406457C0AF6BA85C7B69648 /* Frameworks */,
			);
			sourceTree = "<group>";
		};
		4C14A7102432DAC90065337A /* Products */ = {
			isa = PBXGroup;
			children = (
				4C14A70F2432DAC90065337A /* ZYHUDdemo.app */,
			);
			name = Products;
			sourceTree = "<group>";
		};
		4C14A7112432DAC90065337A /* ZYHUDdemo */ = {
			isa = PBXGroup;
			children = (
				4C14A7122432DAC90065337A /* AppDelegate.swift */,
				4C14A7142432DAC90065337A /* SceneDelegate.swift */,
				4C14A7162432DAC90065337A /* ViewController.swift */,
				4C14A7182432DAC90065337A /* Main.storyboard */,
				4C14A71B2432DACA0065337A /* Assets.xcassets */,
				4C14A71D2432DACA0065337A /* LaunchScreen.storyboard */,
				4C14A7202432DACA0065337A /* Info.plist */,
			);
			path = ZYHUDdemo;
			sourceTree = "<group>";
		};
		C406457C0AF6BA85C7B69648 /* Frameworks */ = {
			isa = PBXGroup;
			children = (
				97D9A5E5A5BB3E26677E62D6 /* Pods_ZYHUDdemo.framework */,
			);
			name = Frameworks;
			sourceTree = "<group>";
		};
		F5449AE1D5DEA2CBC0B2B6E8 /* Pods */ = {
			isa = PBXGroup;
			children = (
				1C39D52E35F97341419624CF /* Pods-ZYHUDdemo.debug.xcconfig */,
				9AE3DA940A1CD760FE82A650 /* Pods-ZYHUDdemo.release.xcconfig */,
			);
			name = Pods;
			path = Pods;
			sourceTree = "<group>";
		};
/* End PBXGroup section */

/* Begin PBXNativeTarget section */
		4C14A70E2432DAC90065337A /* ZYHUDdemo */ = {
			isa = PBXNativeTarget;
			buildConfigurationList = 4C14A7232432DACA0065337A /* Build configuration list for PBXNativeTarget "ZYHUDdemo" */;
			buildPhases = (
				0E53E5C7EC3719CE40B7848F /* [CP] Check Pods Manifest.lock */,
				4C14A70B2432DAC90065337A /* Sources */,
				4C14A70C2432DAC90065337A /* Frameworks */,
				4C14A70D2432DAC90065337A /* Resources */,
				70C5650F44733A538E667FC3 /* [CP] Embed Pods Frameworks */,
			);
			buildRules = (
			);
			dependencies = (
			);
			name = ZYHUDdemo;
			productName = ZYHUDdemo;
			productReference = 4C14A70F2432DAC90065337A /* ZYHUDdemo.app */;
			productType = "com.apple.product-type.application";
		};
/* End PBXNativeTarget section */

/* Begin PBXProject section */
		4C14A7072432DAC90065337A /* Project object */ = {
			isa = PBXProject;
			attributes = {
				LastSwiftUpdateCheck = 1130;
				LastUpgradeCheck = 1130;
				ORGANIZATIONNAME = pzy;
				TargetAttributes = {
					4C14A70E2432DAC90065337A = {
						CreatedOnToolsVersion = 11.3.1;
					};
				};
			};
			buildConfigurationList = 4C14A70A2432DAC90065337A /* Build configuration list for PBXProject "ZYHUDdemo" */;
			compatibilityVersion = "Xcode 9.3";
			developmentRegion = en;
			hasScannedForEncodings = 0;
			knownRegions = (
				en,
				Base,
			);
			mainGroup = 4C14A7062432DAC90065337A;
			productRefGroup = 4C14A7102432DAC90065337A /* Products */;
			projectDirPath = "";
			projectRoot = "";
			targets = (
				4C14A70E2432DAC90065337A /* ZYHUDdemo */,
			);
		};
/* End PBXProject section */

/* Begin PBXResourcesBuildPhase section */
		4C14A70D2432DAC90065337A /* Resources */ = {
			isa = PBXResourcesBuildPhase;
			buildActionMask = 2147483647;
			files = (
				4C14A71F2432DACA0065337A /* LaunchScreen.storyboard in Resources */,
				4C14A71C2432DACA0065337A /* Assets.xcassets in Resources */,
				4C14A71A2432DAC90065337A /* Main.storyboard in Resources */,
			);
			runOnlyForDeploymentPostprocessing = 0;
		};
/* End PBXResourcesBuildPhase section */

/* Begin PBXShellScriptBuildPhase section */
		0E53E5C7EC3719CE40B7848F /* [CP] Check Pods Manifest.lock */ = {
			isa = PBXShellScriptBuildPhase;
			buildActionMask = 2147483647;
			files = (
			);
			inputFileListPaths = (
			);
			inputPaths = (
				"${PODS_PODFILE_DIR_PATH}/Podfile.lock",
				"${PODS_ROOT}/Manifest.lock",
			);
			name = "[CP] Check Pods Manifest.lock";
			outputFileListPaths = (
			);
			outputPaths = (
				"$(DERIVED_FILE_DIR)/Pods-ZYHUDdemo-checkManifestLockResult.txt",
			);
			runOnlyForDeploymentPostprocessing = 0;
			shellPath = /bin/sh;
			shellScript = "diff \"${PODS_PODFILE_DIR_PATH}/Podfile.lock\" \"${PODS_ROOT}/Manifest.lock\" > /dev/null\nif [ $? != 0 ] ; then\n    # print error to STDERR\n    echo \"error: The sandbox is not in sync with the Podfile.lock. Run 'pod install' or update your CocoaPods installation.\" >&2\n    exit 1\nfi\n# This output is used by Xcode 'outputs' to avoid re-running this script phase.\necho \"SUCCESS\" > \"${SCRIPT_OUTPUT_FILE_0}\"\n";
			showEnvVarsInLog = 0;
		};
		70C5650F44733A538E667FC3 /* [CP] Embed Pods Frameworks */ = {
			isa = PBXShellScriptBuildPhase;
			buildActionMask = 2147483647;
			files = (
			);
			inputFileListPaths = (
				"${PODS_ROOT}/Target Support Files/Pods-ZYHUDdemo/Pods-ZYHUDdemo-frameworks-${CONFIGURATION}-input-files.xcfilelist",
			);
			name = "[CP] Embed Pods Frameworks";
			outputFileListPaths = (
				"${PODS_ROOT}/Target Support Files/Pods-ZYHUDdemo/Pods-ZYHUDdemo-frameworks-${CONFIGURATION}-output-files.xcfilelist",
			);
			runOnlyForDeploymentPostprocessing = 0;
			shellPath = /bin/sh;
			shellScript = "\"${PODS_ROOT}/Target Support Files/Pods-ZYHUDdemo/Pods-ZYHUDdemo-frameworks.sh\"\n";
			showEnvVarsInLog = 0;
		};
/* End PBXShellScriptBuildPhase section */

/* Begin PBXSourcesBuildPhase section */
		4C14A70B2432DAC90065337A /* Sources */ = {
			isa = PBXSourcesBuildPhase;
			buildActionMask = 2147483647;
			files = (
				4C14A7172432DAC90065337A /* ViewController.swift in Sources */,
				4C14A7132432DAC90065337A /* AppDelegate.swift in Sources */,
				4C14A7152432DAC90065337A /* SceneDelegate.swift in Sources */,
			);
			runOnlyForDeploymentPostprocessing = 0;
		};
/* End PBXSourcesBuildPhase section */

/* Begin PBXVariantGroup section */
		4C14A7182432DAC90065337A /* Main.storyboard */ = {
			isa = PBXVariantGroup;
			children = (
				4C14A7192432DAC90065337A /* Base */,
			);
			name = Main.storyboard;
			sourceTree = "<group>";
		};
		4C14A71D2432DACA0065337A /* LaunchScreen.storyboard */ = {
			isa = PBXVariantGroup;
			children = (
				4C14A71E2432DACA0065337A /* Base */,
			);
			name = LaunchScreen.storyboard;
			sourceTree = "<group>";
		};
/* End PBXVariantGroup section */

/* Begin XCBuildConfiguration section */
		4C14A7212432DACA0065337A /* Debug */ = {
			isa = XCBuildConfiguration;
			buildSettings = {
				ALWAYS_SEARCH_USER_PATHS = NO;
				CLANG_ANALYZER_NONNULL = YES;
				CLANG_ANALYZER_NUMBER_OBJECT_CONVERSION = YES_AGGRESSIVE;
				CLANG_CXX_LANGUAGE_STANDARD = "gnu++14";
				CLANG_CXX_LIBRARY = "libc++";
				CLANG_ENABLE_MODULES = YES;
				CLANG_ENABLE_OBJC_ARC = YES;
				CLANG_ENABLE_OBJC_WEAK = YES;
				CLANG_WARN_BLOCK_CAPTURE_AUTORELEASING = YES;
				CLANG_WARN_BOOL_CONVERSION = YES;
				CLANG_WARN_COMMA = YES;
				CLANG_WARN_CONSTANT_CONVERSION = YES;
				CLANG_WARN_DEPRECATED_OBJC_IMPLEMENTATIONS = YES;
				CLANG_WARN_DIRECT_OBJC_ISA_USAGE = YES_ERROR;
				CLANG_WARN_DOCUMENTATION_COMMENTS = YES;
				CLANG_WARN_EMPTY_BODY = YES;
				CLANG_WARN_ENUM_CONVERSION = YES;
				CLANG_WARN_INFINITE_RECURSION = YES;
				CLANG_WARN_INT_CONVERSION = YES;
				CLANG_WARN_NON_LITERAL_NULL_CONVERSION = YES;
				CLANG_WARN_OBJC_IMPLICIT_RETAIN_SELF = YES;
				CLANG_WARN_OBJC_LITERAL_CONVERSION = YES;
				CLANG_WARN_OBJC_ROOT_CLASS = YES_ERROR;
				CLANG_WARN_RANGE_LOOP_ANALYSIS = YES;
				CLANG_WARN_STRICT_PROTOTYPES = YES;
				CLANG_WARN_SUSPICIOUS_MOVE = YES;
				CLANG_WARN_UNGUARDED_AVAILABILITY = YES_AGGRESSIVE;
				CLANG_WARN_UNREACHABLE_CODE = YES;
				CLANG_WARN__DUPLICATE_METHOD_MATCH = YES;
				COPY_PHASE_STRIP = NO;
				DEBUG_INFORMATION_FORMAT = dwarf;
				ENABLE_STRICT_OBJC_MSGSEND = YES;
				ENABLE_TESTABILITY = YES;
				GCC_C_LANGUAGE_STANDARD = gnu11;
				GCC_DYNAMIC_NO_PIC = NO;
				GCC_NO_COMMON_BLOCKS = YES;
				GCC_OPTIMIZATION_LEVEL = 0;
				GCC_PREPROCESSOR_DEFINITIONS = (
					"DEBUG=1",
					"$(inherited)",
				);
				GCC_WARN_64_TO_32_BIT_CONVERSION = YES;
				GCC_WARN_ABOUT_RETURN_TYPE = YES_ERROR;
				GCC_WARN_UNDECLARED_SELECTOR = YES;
				GCC_WARN_UNINITIALIZED_AUTOS = YES_AGGRESSIVE;
				GCC_WARN_UNUSED_FUNCTION = YES;
				GCC_WARN_UNUSED_VARIABLE = YES;
				IPHONEOS_DEPLOYMENT_TARGET = 13.2;
				MTL_ENABLE_DEBUG_INFO = INCLUDE_SOURCE;
				MTL_FAST_MATH = YES;
				ONLY_ACTIVE_ARCH = YES;
				SDKROOT = iphoneos;
				SWIFT_ACTIVE_COMPILATION_CONDITIONS = DEBUG;
				SWIFT_OPTIMIZATION_LEVEL = "-Onone";
			};
			name = Debug;
		};
		4C14A7222432DACA0065337A /* Release */ = {
			isa = XCBuildConfiguration;
			buildSettings = {
				ALWAYS_SEARCH_USER_PATHS = NO;
				CLANG_ANALYZER_NONNULL = YES;
				CLANG_ANALYZER_NUMBER_OBJECT_CONVERSION = YES_AGGRESSIVE;
				CLANG_CXX_LANGUAGE_STANDARD = "gnu++14";
				CLANG_CXX_LIBRARY = "libc++";
				CLANG_ENABLE_MODULES = YES;
				CLANG_ENABLE_OBJC_ARC = YES;
				CLANG_ENABLE_OBJC_WEAK = YES;
				CLANG_WARN_BLOCK_CAPTURE_AUTORELEASING = YES;
				CLANG_WARN_BOOL_CONVERSION = YES;
				CLANG_WARN_COMMA = YES;
				CLANG_WARN_CONSTANT_CONVERSION = YES;
				CLANG_WARN_DEPRECATED_OBJC_IMPLEMENTATIONS = YES;
				CLANG_WARN_DIRECT_OBJC_ISA_USAGE = YES_ERROR;
				CLANG_WARN_DOCUMENTATION_COMMENTS = YES;
				CLANG_WARN_EMPTY_BODY = YES;
				CLANG_WARN_ENUM_CONVERSION = YES;
				CLANG_WARN_INFINITE_RECURSION = YES;
				CLANG_WARN_INT_CONVERSION = YES;
				CLANG_WARN_NON_LITERAL_NULL_CONVERSION = YES;
				CLANG_WARN_OBJC_IMPLICIT_RETAIN_SELF = YES;
				CLANG_WARN_OBJC_LITERAL_CONVERSION = YES;
				CLANG_WARN_OBJC_ROOT_CLASS = YES_ERROR;
				CLANG_WARN_RANGE_LOOP_ANALYSIS = YES;
				CLANG_WARN_STRICT_PROTOTYPES = YES;
				CLANG_WARN_SUSPICIOUS_MOVE = YES;
				CLANG_WARN_UNGUARDED_AVAILABILITY = YES_AGGRESSIVE;
				CLANG_WARN_UNREACHABLE_CODE = YES;
				CLANG_WARN__DUPLICATE_METHOD_MATCH = YES;
				COPY_PHASE_STRIP = NO;
				DEBUG_INFORMATION_FORMAT = "dwarf-with-dsym";
				ENABLE_NS_ASSERTIONS = NO;
				ENABLE_STRICT_OBJC_MSGSEND = YES;
				GCC_C_LANGUAGE_STANDARD = gnu11;
				GCC_NO_COMMON_BLOCKS = YES;
				GCC_WARN_64_TO_32_BIT_CONVERSION = YES;
				GCC_WARN_ABOUT_RETURN_TYPE = YES_ERROR;
				GCC_WARN_UNDECLARED_SELECTOR = YES;
				GCC_WARN_UNINITIALIZED_AUTOS = YES_AGGRESSIVE;
				GCC_WARN_UNUSED_FUNCTION = YES;
				GCC_WARN_UNUSED_VARIABLE = YES;
				IPHONEOS_DEPLOYMENT_TARGET = 13.2;
				MTL_ENABLE_DEBUG_INFO = NO;
				MTL_FAST_MATH = YES;
				SDKROOT = iphoneos;
				SWIFT_COMPILATION_MODE = wholemodule;
				SWIFT_OPTIMIZATION_LEVEL = "-O";
				VALIDATE_PRODUCT = YES;
			};
			name = Release;
		};
		4C14A7242432DACA0065337A /* Debug */ = {
			isa = XCBuildConfiguration;
			baseConfigurationReference = 1C39D52E35F97341419624CF /* Pods-ZYHUDdemo.debug.xcconfig */;
			buildSettings = {
				ASSETCATALOG_COMPILER_APPICON_NAME = AppIcon;
				CODE_SIGN_STYLE = Automatic;
				DEVELOPMENT_TEAM = D4QQ3M87H7;
				INFOPLIST_FILE = ZYHUDdemo/Info.plist;
				LD_RUNPATH_SEARCH_PATHS = (
					"$(inherited)",
					"@executable_path/Frameworks",
				);
				PRODUCT_BUNDLE_IDENTIFIER = com.xiukongtiao.xiukongtiao.ZYHUDdemo;
				PRODUCT_NAME = "$(TARGET_NAME)";
				SWIFT_VERSION = 5.0;
				TARGETED_DEVICE_FAMILY = "1,2";
			};
			name = Debug;
		};
		4C14A7252432DACA0065337A /* Release */ = {
			isa = XCBuildConfiguration;
			baseConfigurationReference = 9AE3DA940A1CD760FE82A650 /* Pods-ZYHUDdemo.release.xcconfig */;
			buildSettings = {
				ASSETCATALOG_COMPILER_APPICON_NAME = AppIcon;
				CODE_SIGN_STYLE = Automatic;
				DEVELOPMENT_TEAM = D4QQ3M87H7;
				INFOPLIST_FILE = ZYHUDdemo/Info.plist;
				LD_RUNPATH_SEARCH_PATHS = (
					"$(inherited)",
					"@executable_path/Frameworks",
				);
				PRODUCT_BUNDLE_IDENTIFIER = com.xiukongtiao.xiukongtiao.ZYHUDdemo;
				PRODUCT_NAME = "$(TARGET_NAME)";
				SWIFT_VERSION = 5.0;
				TARGETED_DEVICE_FAMILY = "1,2";
			};
			name = Release;
		};
/* End XCBuildConfiguration section */

/* Begin XCConfigurationList section */
		4C14A70A2432DAC90065337A /* Build configuration list for PBXProject "ZYHUDdemo" */ = {
			isa = XCConfigurationList;
			buildConfigurations = (
				4C14A7212432DACA0065337A /* Debug */,
				4C14A7222432DACA0065337A /* Release */,
			);
			defaultConfigurationIsVisible = 0;
			defaultConfigurationName = Release;
		};
		4C14A7232432DACA0065337A /* Build configuration list for PBXNativeTarget "ZYHUDdemo" */ = {
			isa = XCConfigurationList;
			buildConfigurations = (
				4C14A7242432DACA0065337A /* Debug */,
				4C14A7252432DACA0065337A /* Release */,
			);
			defaultConfigurationIsVisible = 0;
			defaultConfigurationName = Release;
		};
/* End XCConfigurationList section */
	};
	rootObject = 4C14A7072432DAC90065337A /* Project object */;
}
